{
  "nodes": {
    "crane": {
      "locked": {
        "lastModified": 1727316705,
        "narHash": "sha256-/mumx8AQ5xFuCJqxCIOFCHTVlxHkMT21idpbgbm/TIE=",
        "owner": "ipetkov",
        "repo": "crane",
        "rev": "5b03654ce046b5167e7b0bccbd8244cb56c16f0e",
        "type": "github"
      },
      "original": {
        "owner": "ipetkov",
        "repo": "crane",
        "type": "github"
      }
    },
    "nixpkgs": {
      "locked": {
        "lastModified": 1727264057,
        "narHash": "sha256-KQPI8CTTnB9CrJ7LrmLC4VWbKZfljEPBXOFGZFRpxao=",
        "owner": "NixOS",
        "repo": "nixpkgs",
        "rev": "759537f06e6999e141588ff1c9be7f3a5c060106",
        "type": "github"
      },
      "original": {
        "owner": "NixOS",
        "ref": "nixos-24.05",
        "repo": "nixpkgs",
        "type": "github"
      }
    },
    "root": {
      "inputs": {
        "crane": "crane",
        "nixpkgs": "nixpkgs",
        "wharfixNonStreaming": "wharfixNonStreaming"
      }
    },
    "wharfixNonStreaming": {
      "inputs": {
        "crane": [
          "crane"
        ],
        "nixpkgs": [
          "nixpkgs"
        ]
      },
      "locked": {
        "lastModified": 1707123157,
        "narHash": "sha256-wM62XXjQXyZep7yqcjBgYfLGJcG+6aD5ZHkmRbUXBFM=",
        "owner": "wharfix",
        "repo": "wharfix",
        "rev": "1f71fcafbc9caed5fa5d38f01598aaadb6176e08",
        "type": "github"
      },
      "original": {
        "owner": "wharfix",
        "repo": "wharfix",
        "rev": "1f71fcafbc9caed5fa5d38f01598aaadb6176e08",
        "type": "github"
      }
    }
  },
  "root": "root",
  "version": 7
}
