{
  "nodes": {
    "crane": {
      "inputs": {
        "nixpkgs": [
          "nixpkgs"
        ]
      },
      "locked": {
        "lastModified": 1707075082,
        "narHash": "sha256-PUplk5F5jlIyofxqn/xEDN9pbjrd0tnkd0pDsZ52db0=",
        "owner": "ipetkov",
        "repo": "crane",
        "rev": "7d5b46c17d857ee9ddb2e8d88185729a3e5637b6",
        "type": "github"
      },
      "original": {
        "owner": "ipetkov",
        "repo": "crane",
        "type": "github"
      }
    },
    "crane_2": {
      "inputs": {
        "nixpkgs": [
          "wharfixNonStreaming",
          "nixpkgs"
        ]
      },
      "locked": {
        "lastModified": 1707075082,
        "narHash": "sha256-PUplk5F5jlIyofxqn/xEDN9pbjrd0tnkd0pDsZ52db0=",
        "owner": "ipetkov",
        "repo": "crane",
        "rev": "7d5b46c17d857ee9ddb2e8d88185729a3e5637b6",
        "type": "github"
      },
      "original": {
        "owner": "ipetkov",
        "repo": "crane",
        "type": "github"
      }
    },
    "nixpkgs": {
      "locked": {
        "lastModified": 1706826059,
        "narHash": "sha256-N69Oab+cbt3flLvYv8fYnEHlBsWwdKciNZHUbynVEOA=",
        "owner": "NixOS",
        "repo": "nixpkgs",
        "rev": "25e3d4c0d3591c99929b1ec07883177f6ea70c9d",
        "type": "github"
      },
      "original": {
        "owner": "NixOS",
        "ref": "nixos-23.11",
        "repo": "nixpkgs",
        "type": "github"
      }
    },
    "nixpkgs_2": {
      "locked": {
        "lastModified": 1706826059,
        "narHash": "sha256-N69Oab+cbt3flLvYv8fYnEHlBsWwdKciNZHUbynVEOA=",
        "owner": "NixOS",
        "repo": "nixpkgs",
        "rev": "25e3d4c0d3591c99929b1ec07883177f6ea70c9d",
        "type": "github"
      },
      "original": {
        "owner": "NixOS",
        "ref": "nixos-23.11",
        "repo": "nixpkgs",
        "type": "github"
      }
    },
    "root": {
      "inputs": {
        "crane": "crane",
        "nixpkgs": "nixpkgs",
        "wharfixNonStreaming": "wharfixNonStreaming"
      }
    },
    "wharfixNonStreaming": {
      "inputs": {
        "crane": "crane_2",
        "nixpkgs": "nixpkgs_2"
      },
      "locked": {
        "lastModified": 1707123157,
        "narHash": "sha256-wM62XXjQXyZep7yqcjBgYfLGJcG+6aD5ZHkmRbUXBFM=",
        "owner": "wharfix",
        "repo": "wharfix",
        "rev": "1f71fcafbc9caed5fa5d38f01598aaadb6176e08",
        "type": "github"
      },
      "original": {
        "owner": "wharfix",
        "repo": "wharfix",
        "rev": "1f71fcafbc9caed5fa5d38f01598aaadb6176e08",
        "type": "github"
      }
    }
  },
  "root": "root",
  "version": 7
}
